
Microsoft Visual Studio Solution File, Format Version 12.00
# Visual Studio Version 16
VisualStudioVersion = 16.0.31729.503
MinimumVisualStudioVersion = 10.0.40219.1
Project("{FAE04EC0-301F-11D3-BF4B-00C04F79EFBC}") = "Catalogo_Product", "Catalogo_Product\Catalogo_Product.csproj", "{5F229474-1625-4EA4-921C-FB6BDCC22213}"
EndProject
Global
	GlobalSection(SolutionConfigurationPlatforms) = preSolution
		Debug|Any CPU = Debug|Any CPU
		Release|Any CPU = Release|Any CPU
	EndGlobalSection
	GlobalSection(ProjectConfigurationPlatforms) = postSolution
		{5F229474-1625-4EA4-921C-FB6BDCC22213}.Debug|Any CPU.ActiveCfg = Debug|Any CPU
		{5F229474-1625-4EA4-921C-FB6BDCC22213}.Debug|Any CPU.Build.0 = Debug|Any CPU
		{5F229474-1625-4EA4-921C-FB6BDCC22213}.Release|Any CPU.ActiveCfg = Release|Any CPU
		{5F229474-1625-4EA4-921C-FB6BDCC22213}.Release|Any CPU.Build.0 = Release|Any CPU
	EndGlobalSection
	GlobalSection(SolutionProperties) = preSolution
		HideSolutionNode = FALSE
	EndGlobalSection
	GlobalSection(ExtensibilityGlobals) = postSolution
		SolutionGuid = {F9836161-4DF1-4C91-A6C0-845BB09FBCBC}
	EndGlobalSection
EndGlobal
